<?xml version="1.0"?>
<CONFIG>
  <ProjectOptions>
    <Version Value="9"/>
    <General>
      <MainUnit Value="0"/>
      <ResourceType Value="res"/>
      <UseXPManifest Value="True"/>
      <Icon Value="0"/>
      <ActiveWindowIndexAtStart Value="0"/>
    </General>
    <i18n>
      <EnableI18N LFM="False"/>
    </i18n>
    <VersionInfo>
      <StringTable ProductVersion=""/>
    </VersionInfo>
    <BuildModes Count="1" Active="Default">
      <Item1 Name="Default" Default="True"/>
    </BuildModes>
    <PublishOptions>
      <Version Value="2"/>
      <IncludeFileFilter Value="*.(pas|pp|inc|lfm|lpr|lrs|lpi|lpk|sh|xml)"/>
      <ExcludeFileFilter Value="*.(bak|ppu|o|so);*~;backup"/>
    </PublishOptions>
    <RunParams>
      <local>
        <FormatVersion Value="1"/>
        <LaunchingApplication PathPlusParams="/usr/bin/xterm -T 'Lazarus Run Output' -e $(LazarusDir)/tools/runwait.sh $(TargetCmdLine)"/>
      </local>
    </RunParams>
    <RequiredPackages Count="7">
      <Item1>
        <PackageName Value="gametoolsetpkg"/>
        <MinVersion Minor="8" Valid="True"/>
      </Item1>
      <Item2>
        <PackageName Value="audorra"/>
      </Item2>
      <Item3>
        <PackageName Value="siglyze"/>
      </Item3>
      <Item4>
        <PackageName Value="LazOpenGLContext"/>
        <MinVersion Release="1" Valid="True"/>
      </Item4>
      <Item5>
        <PackageName Value="LazControls"/>
        <MinVersion Valid="True"/>
      </Item5>
      <Item6>
        <PackageName Value="LCLBase"/>
        <MinVersion Major="1" Release="1" Valid="True"/>
      </Item6>
      <Item7>
        <PackageName Value="LCL"/>
      </Item7>
    </RequiredPackages>
    <Units Count="40">
      <Unit0>
        <Filename Value="sigvize.lpr"/>
        <IsPartOfProject Value="True"/>
        <UnitName Value="sigvize"/>
        <EditorIndex Value="3"/>
        <WindowIndex Value="0"/>
        <TopLine Value="1"/>
        <CursorPos X="38" Y="24"/>
        <UsageCount Value="114"/>
        <Loaded Value="True"/>
      </Unit0>
      <Unit1>
        <Filename Value="modules/forms/main.pas"/>
        <IsPartOfProject Value="True"/>
        <ComponentName Value="MainForm"/>
        <ResourceBaseClass Value="Form"/>
        <UnitName Value="Main"/>
        <EditorIndex Value="0"/>
        <WindowIndex Value="0"/>
        <TopLine Value="73"/>
        <CursorPos X="122" Y="118"/>
        <UsageCount Value="114"/>
        <Loaded Value="True"/>
        <LoadedDesigner Value="True"/>
      </Unit1>
      <Unit2>
        <Filename Value="modules/forms/aboutfrm.pas"/>
        <IsPartOfProject Value="True"/>
        <ComponentName Value="AboutForm"/>
        <ResourceBaseClass Value="Form"/>
        <UnitName Value="AboutFrm"/>
        <EditorIndex Value="24"/>
        <WindowIndex Value="0"/>
        <TopLine Value="1"/>
        <CursorPos X="85" Y="13"/>
        <UsageCount Value="114"/>
        <Loaded Value="True"/>
        <LoadedDesigner Value="True"/>
      </Unit2>
      <Unit3>
        <Filename Value="modules/audorra/siglyzefilter.pas"/>
        <IsPartOfProject Value="True"/>
        <UnitName Value="SiglyzeFilter"/>
        <EditorIndex Value="9"/>
        <WindowIndex Value="0"/>
        <TopLine Value="172"/>
        <CursorPos X="33" Y="204"/>
        <UsageCount Value="114"/>
        <Loaded Value="True"/>
      </Unit3>
      <Unit4>
        <Filename Value="../../packages/audorra/src/AuFiltergraph.pas"/>
        <UnitName Value="AuFiltergraph"/>
        <EditorIndex Value="7"/>
        <WindowIndex Value="0"/>
        <TopLine Value="163"/>
        <CursorPos X="38" Y="189"/>
        <UsageCount Value="56"/>
        <Loaded Value="True"/>
      </Unit4>
      <Unit5>
        <Filename Value="../../packages/audorra/src/AuTypes.pas"/>
        <UnitName Value="AuTypes"/>
        <EditorIndex Value="23"/>
        <WindowIndex Value="0"/>
        <TopLine Value="124"/>
        <CursorPos X="3" Y="150"/>
        <UsageCount Value="55"/>
        <Loaded Value="True"/>
      </Unit5>
      <Unit6>
        <Filename Value="../../packages/andorracommons/AcTypes.pas"/>
        <UnitName Value="AcTypes"/>
        <WindowIndex Value="0"/>
        <TopLine Value="98"/>
        <CursorPos X="3" Y="124"/>
        <UsageCount Value="1"/>
      </Unit6>
      <Unit7>
        <Filename Value="../../packages/gametoolset/struct/gtringbuffer.pas"/>
        <UnitName Value="GTRingBuffer"/>
        <IsVisibleTab Value="True"/>
        <EditorIndex Value="25"/>
        <WindowIndex Value="0"/>
        <TopLine Value="197"/>
        <CursorPos X="78" Y="221"/>
        <UsageCount Value="57"/>
        <Loaded Value="True"/>
      </Unit7>
      <Unit8>
        <Filename Value="/usr/share/fpcsrc/rtl/inc/threadh.inc"/>
        <WindowIndex Value="0"/>
        <TopLine Value="115"/>
        <CursorPos X="11" Y="154"/>
        <UsageCount Value="5"/>
      </Unit8>
      <Unit9>
        <Filename Value="/usr/share/fpcsrc/packages/fcl-base/src/syncobjs.pp"/>
        <UnitName Value="syncobjs"/>
        <EditorIndex Value="19"/>
        <WindowIndex Value="0"/>
        <TopLine Value="127"/>
        <CursorPos X="28" Y="143"/>
        <UsageCount Value="58"/>
        <Loaded Value="True"/>
      </Unit9>
      <Unit10>
        <Filename Value="../../packages/gametoolset/struct/gtintmap.pas"/>
        <UnitName Value="GTIntMap"/>
        <EditorIndex Value="18"/>
        <WindowIndex Value="0"/>
        <TopLine Value="1"/>
        <CursorPos X="1" Y="1"/>
        <UsageCount Value="55"/>
        <Loaded Value="True"/>
      </Unit10>
      <Unit11>
        <Filename Value="/usr/share/fpcsrc/rtl/inc/thread.inc"/>
        <WindowIndex Value="0"/>
        <TopLine Value="397"/>
        <CursorPos X="11" Y="397"/>
        <UsageCount Value="2"/>
      </Unit11>
      <Unit12>
        <Filename Value="/usr/share/fpcsrc/rtl/inc/heap.inc"/>
        <WindowIndex Value="0"/>
        <TopLine Value="131"/>
        <CursorPos X="30" Y="257"/>
        <UsageCount Value="2"/>
      </Unit12>
      <Unit13>
        <Filename Value="/usr/share/fpcsrc/rtl/inc/systemh.inc"/>
        <WindowIndex Value="0"/>
        <TopLine Value="495"/>
        <CursorPos X="74" Y="533"/>
        <UsageCount Value="30"/>
      </Unit13>
      <Unit14>
        <Filename Value="../../packages/audorra/src/AuDriverClasses.pas"/>
        <UnitName Value="AuDriverClasses"/>
        <EditorIndex Value="21"/>
        <WindowIndex Value="0"/>
        <TopLine Value="19"/>
        <CursorPos X="3" Y="71"/>
        <UsageCount Value="55"/>
        <Loaded Value="True"/>
      </Unit14>
      <Unit15>
        <Filename Value="../../packages/audorra/src/AuUtils.pas"/>
        <UnitName Value="AuUtils"/>
        <EditorIndex Value="20"/>
        <WindowIndex Value="0"/>
        <TopLine Value="51"/>
        <CursorPos X="11" Y="103"/>
        <UsageCount Value="55"/>
        <Loaded Value="True"/>
      </Unit15>
      <Unit16>
        <Filename Value="../../packages/audorra/src/drivers/AuLibao.pas"/>
        <UnitName Value="AuLibao"/>
        <EditorIndex Value="22"/>
        <WindowIndex Value="0"/>
        <TopLine Value="243"/>
        <CursorPos X="41" Y="295"/>
        <UsageCount Value="55"/>
        <Loaded Value="True"/>
      </Unit16>
      <Unit17>
        <Filename Value="../../../lcl/siganalyze/main.pas"/>
        <UnitName Value="Main"/>
        <WindowIndex Value="0"/>
        <TopLine Value="1"/>
        <CursorPos X="6" Y="12"/>
        <UsageCount Value="26"/>
      </Unit17>
      <Unit18>
        <Filename Value="../../packages/audorra/src/AuAudio.pas"/>
        <UnitName Value="AuAudio"/>
        <EditorIndex Value="6"/>
        <WindowIndex Value="0"/>
        <TopLine Value="1216"/>
        <CursorPos X="30" Y="1249"/>
        <UsageCount Value="55"/>
        <Loaded Value="True"/>
      </Unit18>
      <Unit19>
        <Filename Value="../../packages/siglyze/sources/sources.pas"/>
        <UnitName Value="Sources"/>
        <EditorIndex Value="16"/>
        <WindowIndex Value="0"/>
        <TopLine Value="202"/>
        <CursorPos X="71" Y="254"/>
        <UsageCount Value="55"/>
        <Loaded Value="True"/>
      </Unit19>
      <Unit20>
        <Filename Value="../../packages/audorra/src/drivers/AuALSA.pas"/>
        <UnitName Value="AuALSA"/>
        <EditorIndex Value="17"/>
        <WindowIndex Value="0"/>
        <TopLine Value="1"/>
        <CursorPos X="1" Y="1"/>
        <UsageCount Value="55"/>
        <Loaded Value="True"/>
      </Unit20>
      <Unit21>
        <Filename Value="../../packages/siglyze/processors/outputprocessor.pas"/>
        <UnitName Value="OutputProcessor"/>
        <EditorIndex Value="13"/>
        <WindowIndex Value="0"/>
        <TopLine Value="77"/>
        <CursorPos X="73" Y="97"/>
        <UsageCount Value="55"/>
        <Loaded Value="True"/>
      </Unit21>
      <Unit22>
        <Filename Value="../../packages/siglyze/overmind/processingovermind.pas"/>
        <UnitName Value="ProcessingOvermind"/>
        <EditorIndex Value="12"/>
        <WindowIndex Value="0"/>
        <TopLine Value="1"/>
        <CursorPos X="1" Y="1"/>
        <UsageCount Value="55"/>
        <Loaded Value="True"/>
      </Unit22>
      <Unit23>
        <Filename Value="../../packages/gametoolset/core/gtnodes.pas"/>
        <UnitName Value="GTNodes"/>
        <WindowIndex Value="0"/>
        <TopLine Value="192"/>
        <CursorPos X="7" Y="230"/>
        <UsageCount Value="24"/>
      </Unit23>
      <Unit24>
        <Filename Value="../../packages/siglyze/processors/inputprocessor.pas"/>
        <UnitName Value="InputProcessor"/>
        <EditorIndex Value="11"/>
        <WindowIndex Value="0"/>
        <TopLine Value="65"/>
        <CursorPos X="56" Y="95"/>
        <UsageCount Value="55"/>
        <Loaded Value="True"/>
      </Unit24>
      <Unit25>
        <Filename Value="/usr/share/fpcsrc/rtl/objpas/classes/classesh.inc"/>
        <WindowIndex Value="0"/>
        <TopLine Value="1485"/>
        <CursorPos X="37" Y="1513"/>
        <UsageCount Value="8"/>
      </Unit25>
      <Unit26>
        <Filename Value="/usr/share/fpcsrc/rtl/unix/tthread.inc"/>
        <WindowIndex Value="0"/>
        <TopLine Value="264"/>
        <CursorPos X="83" Y="295"/>
        <UsageCount Value="8"/>
      </Unit26>
      <Unit27>
        <Filename Value="../../packages/gametoolset/node/gtnodecontroller.pas"/>
        <UnitName Value="GTNodeController"/>
        <WindowIndex Value="0"/>
        <TopLine Value="1"/>
        <CursorPos X="1" Y="1"/>
        <UsageCount Value="6"/>
      </Unit27>
      <Unit28>
        <Filename Value="../../packages/gametoolset/node/gtmainthreadnode.pas"/>
        <UnitName Value="GTMainThreadNode"/>
        <EditorIndex Value="14"/>
        <WindowIndex Value="0"/>
        <TopLine Value="2"/>
        <CursorPos X="66" Y="24"/>
        <UsageCount Value="36"/>
        <Loaded Value="True"/>
      </Unit28>
      <Unit29>
        <Filename Value="../../packages/gametoolset/node/gtnodes.pas"/>
        <UnitName Value="GTNodes"/>
        <EditorIndex Value="15"/>
        <WindowIndex Value="0"/>
        <TopLine Value="877"/>
        <CursorPos X="8" Y="929"/>
        <UsageCount Value="36"/>
        <Loaded Value="True"/>
      </Unit29>
      <Unit30>
        <Filename Value="../../packages/siglyze/processors/syncprocessor.pas"/>
        <UnitName Value="SyncProcessor"/>
        <EditorIndex Value="10"/>
        <WindowIndex Value="0"/>
        <TopLine Value="37"/>
        <CursorPos X="66" Y="78"/>
        <UsageCount Value="35"/>
        <Loaded Value="True"/>
      </Unit30>
      <Unit31>
        <Filename Value="../../packages/audorra/src/decoders/AuVorbis.pas"/>
        <UnitName Value="AuVorbis"/>
        <WindowIndex Value="0"/>
        <TopLine Value="29"/>
        <CursorPos X="9" Y="44"/>
        <UsageCount Value="6"/>
      </Unit31>
      <Unit32>
        <Filename Value="../../packages/audorra/lib/vorbis.pas"/>
        <UnitName Value="vorbis"/>
        <WindowIndex Value="0"/>
        <TopLine Value="1"/>
        <CursorPos X="1" Y="31"/>
        <UsageCount Value="6"/>
      </Unit32>
      <Unit33>
        <Filename Value="../../packages/audorra/lib/ogg.pas"/>
        <UnitName Value="ogg"/>
        <WindowIndex Value="0"/>
        <TopLine Value="1"/>
        <CursorPos X="59" Y="32"/>
        <UsageCount Value="6"/>
      </Unit33>
      <Unit34>
        <Filename Value="../../packages/siglyze/datatypes/datatypesamples.pas"/>
        <UnitName Value="DataTypeSamples"/>
        <EditorIndex Value="5"/>
        <WindowIndex Value="0"/>
        <TopLine Value="1"/>
        <CursorPos X="1" Y="1"/>
        <UsageCount Value="34"/>
        <Loaded Value="True"/>
      </Unit34>
      <Unit35>
        <Filename Value="../../packages/andorracommons/AcDataStore.pas"/>
        <UnitName Value="AcDataStore"/>
        <EditorIndex Value="4"/>
        <WindowIndex Value="0"/>
        <TopLine Value="1349"/>
        <CursorPos X="56" Y="1377"/>
        <UsageCount Value="33"/>
        <Loaded Value="True"/>
      </Unit35>
      <Unit36>
        <Filename Value="../../packages/andorracommons/AcPersistent.pas"/>
        <UnitName Value="AcPersistent"/>
        <EditorIndex Value="8"/>
        <WindowIndex Value="0"/>
        <TopLine Value="372"/>
        <CursorPos X="1" Y="390"/>
        <UsageCount Value="33"/>
        <Loaded Value="True"/>
      </Unit36>
      <Unit37>
        <Filename Value="../../packages/gametoolset/core/gtbase.pas"/>
        <UnitName Value="GTBase"/>
        <EditorIndex Value="2"/>
        <WindowIndex Value="0"/>
        <TopLine Value="725"/>
        <CursorPos X="36" Y="752"/>
        <UsageCount Value="33"/>
        <Loaded Value="True"/>
      </Unit37>
      <Unit38>
        <Filename Value="../../packages/siglyze/processors/mixprocessor.pas"/>
        <UnitName Value="MixProcessor"/>
        <EditorIndex Value="1"/>
        <WindowIndex Value="0"/>
        <TopLine Value="73"/>
        <CursorPos X="58" Y="91"/>
        <UsageCount Value="33"/>
        <Loaded Value="True"/>
      </Unit38>
      <Unit39>
        <Filename Value="../../packages/gametoolset/file/gtstreamutils.pas"/>
        <UnitName Value="GTStreamUtils"/>
        <WindowIndex Value="0"/>
        <TopLine Value="1"/>
        <CursorPos X="16" Y="42"/>
        <UsageCount Value="9"/>
      </Unit39>
    </Units>
    <JumpHistory Count="30" HistoryIndex="29">
      <Position1>
        <Filename Value="../../packages/gametoolset/struct/gtringbuffer.pas"/>
        <Caret Line="155" Column="1" TopLine="113"/>
      </Position1>
      <Position2>
        <Filename Value="../../packages/gametoolset/struct/gtringbuffer.pas"/>
        <Caret Line="156" Column="1" TopLine="113"/>
      </Position2>
      <Position3>
        <Filename Value="../../packages/gametoolset/struct/gtringbuffer.pas"/>
        <Caret Line="157" Column="1" TopLine="113"/>
      </Position3>
      <Position4>
        <Filename Value="../../packages/gametoolset/struct/gtringbuffer.pas"/>
        <Caret Line="158" Column="1" TopLine="113"/>
      </Position4>
      <Position5>
        <Filename Value="../../packages/gametoolset/struct/gtringbuffer.pas"/>
        <Caret Line="159" Column="1" TopLine="114"/>
      </Position5>
      <Position6>
        <Filename Value="../../packages/gametoolset/struct/gtringbuffer.pas"/>
        <Caret Line="160" Column="1" TopLine="115"/>
      </Position6>
      <Position7>
        <Filename Value="../../packages/gametoolset/struct/gtringbuffer.pas"/>
        <Caret Line="149" Column="1" TopLine="115"/>
      </Position7>
      <Position8>
        <Filename Value="../../packages/gametoolset/struct/gtringbuffer.pas"/>
        <Caret Line="163" Column="1" TopLine="118"/>
      </Position8>
      <Position9>
        <Filename Value="modules/audorra/siglyzefilter.pas"/>
        <Caret Line="122" Column="1" TopLine="95"/>
      </Position9>
      <Position10>
        <Filename Value="modules/audorra/siglyzefilter.pas"/>
        <Caret Line="116" Column="1" TopLine="95"/>
      </Position10>
      <Position11>
        <Filename Value="modules/audorra/siglyzefilter.pas"/>
        <Caret Line="118" Column="45" TopLine="95"/>
      </Position11>
      <Position12>
        <Filename Value="modules/audorra/siglyzefilter.pas"/>
        <Caret Line="239" Column="12" TopLine="214"/>
      </Position12>
      <Position13>
        <Filename Value="modules/audorra/siglyzefilter.pas"/>
        <Caret Line="10" Column="70" TopLine="1"/>
      </Position13>
      <Position14>
        <Filename Value="modules/audorra/siglyzefilter.pas"/>
        <Caret Line="51" Column="31" TopLine="29"/>
      </Position14>
      <Position15>
        <Filename Value="modules/audorra/siglyzefilter.pas"/>
        <Caret Line="239" Column="129" TopLine="214"/>
      </Position15>
      <Position16>
        <Filename Value="modules/audorra/siglyzefilter.pas"/>
        <Caret Line="65" Column="29" TopLine="39"/>
      </Position16>
      <Position17>
        <Filename Value="../../packages/gametoolset/struct/gtringbuffer.pas"/>
        <Caret Line="50" Column="39" TopLine="11"/>
      </Position17>
      <Position18>
        <Filename Value="modules/audorra/siglyzefilter.pas"/>
        <Caret Line="254" Column="79" TopLine="219"/>
      </Position18>
      <Position19>
        <Filename Value="modules/audorra/siglyzefilter.pas"/>
        <Caret Line="137" Column="28" TopLine="123"/>
      </Position19>
      <Position20>
        <Filename Value="modules/audorra/siglyzefilter.pas"/>
        <Caret Line="264" Column="69" TopLine="225"/>
      </Position20>
      <Position21>
        <Filename Value="modules/audorra/siglyzefilter.pas"/>
        <Caret Line="220" Column="12" TopLine="183"/>
      </Position21>
      <Position22>
        <Filename Value="modules/forms/main.pas"/>
        <Caret Line="161" Column="86" TopLine="130"/>
      </Position22>
      <Position23>
        <Filename Value="../../packages/gametoolset/struct/gtringbuffer.pas"/>
        <Caret Line="220" Column="11" TopLine="203"/>
      </Position23>
      <Position24>
        <Filename Value="../../packages/gametoolset/struct/gtringbuffer.pas"/>
        <Caret Line="168" Column="10" TopLine="133"/>
      </Position24>
      <Position25>
        <Filename Value="modules/audorra/siglyzefilter.pas"/>
        <Caret Line="70" Column="33" TopLine="45"/>
      </Position25>
      <Position26>
        <Filename Value="modules/audorra/siglyzefilter.pas"/>
        <Caret Line="264" Column="52" TopLine="240"/>
      </Position26>
      <Position27>
        <Filename Value="modules/audorra/siglyzefilter.pas"/>
        <Caret Line="267" Column="12" TopLine="240"/>
      </Position27>
      <Position28>
        <Filename Value="../../packages/gametoolset/struct/gtringbuffer.pas"/>
        <Caret Line="261" Column="9" TopLine="224"/>
      </Position28>
      <Position29>
        <Filename Value="../../packages/audorra/src/AuFiltergraph.pas"/>
        <Caret Line="1002" Column="12" TopLine="984"/>
      </Position29>
      <Position30>
        <Filename Value="../../packages/gametoolset/struct/gtringbuffer.pas"/>
        <Caret Line="174" Column="18" TopLine="130"/>
      </Position30>
    </JumpHistory>
  </ProjectOptions>
  <CompilerOptions>
    <Version Value="10"/>
    <SearchPaths>
      <IncludeFiles Value="$(ProjOutDir)"/>
      <OtherUnitFiles Value="modules/forms;modules/siglyze/processors;modules/audorra"/>
      <UnitOutputDirectory Value="lib/$(TargetCPU)-$(TargetOS)"/>
    </SearchPaths>
    <CodeGeneration>
      <Checks>
        <IOChecks Value="True"/>
        <RangeChecks Value="True"/>
        <OverflowChecks Value="True"/>
        <StackChecks Value="True"/>
      </Checks>
      <TargetCPU Value="x86_64"/>
      <TargetOS Value="linux"/>
    </CodeGeneration>
    <Linking>
      <Options>
        <Win32>
          <GraphicApplication Value="True"/>
        </Win32>
      </Options>
    </Linking>
    <Other>
      <CompilerMessages>
        <UseMsgFile Value="True"/>
      </CompilerMessages>
      <CompilerPath Value="$(CompPath)"/>
    </Other>
  </CompilerOptions>
  <Debugging>
    <Exceptions Count="3">
      <Item1>
        <Name Value="EAbort"/>
      </Item1>
      <Item2>
        <Name Value="ECodetoolError"/>
      </Item2>
      <Item3>
        <Name Value="EFOpenError"/>
      </Item3>
    </Exceptions>
  </Debugging>
</CONFIG>
