<?xml version="1.0"?>
<CONFIG>
  <ProjectOptions>
    <Version Value="9"/>
    <General>
      <MainUnit Value="0"/>
      <ResourceType Value="res"/>
      <UseXPManifest Value="True"/>
      <Icon Value="0"/>
      <ActiveWindowIndexAtStart Value="0"/>
    </General>
    <i18n>
      <EnableI18N LFM="False"/>
    </i18n>
    <VersionInfo>
      <StringTable ProductVersion=""/>
    </VersionInfo>
    <BuildModes Count="1" Active="Default">
      <Item1 Name="Default" Default="True"/>
    </BuildModes>
    <PublishOptions>
      <Version Value="2"/>
      <IncludeFileFilter Value="*.(pas|pp|inc|lfm|lpr|lrs|lpi|lpk|sh|xml)"/>
      <ExcludeFileFilter Value="*.(bak|ppu|o|so);*~;backup"/>
    </PublishOptions>
    <RunParams>
      <local>
        <FormatVersion Value="1"/>
        <LaunchingApplication PathPlusParams="/usr/bin/xterm -T 'Lazarus Run Output' -e $(LazarusDir)/tools/runwait.sh $(TargetCmdLine)"/>
      </local>
    </RunParams>
    <RequiredPackages Count="8">
      <Item1>
        <PackageName Value="dglsdk"/>
      </Item1>
      <Item2>
        <PackageName Value="gametoolsetpkg"/>
        <MinVersion Minor="8" Valid="True"/>
      </Item2>
      <Item3>
        <PackageName Value="audorra"/>
      </Item3>
      <Item4>
        <PackageName Value="siglyze"/>
      </Item4>
      <Item5>
        <PackageName Value="LazOpenGLContext"/>
        <MinVersion Release="1" Valid="True"/>
      </Item5>
      <Item6>
        <PackageName Value="LazControls"/>
        <MinVersion Valid="True"/>
      </Item6>
      <Item7>
        <PackageName Value="LCLBase"/>
        <MinVersion Major="1" Release="1" Valid="True"/>
      </Item7>
      <Item8>
        <PackageName Value="LCL"/>
      </Item8>
    </RequiredPackages>
    <Units Count="59">
      <Unit0>
        <Filename Value="sigvize.lpr"/>
        <IsPartOfProject Value="True"/>
        <UnitName Value="sigvize"/>
        <WindowIndex Value="0"/>
        <TopLine Value="1"/>
        <CursorPos X="80" Y="16"/>
        <UsageCount Value="129"/>
      </Unit0>
      <Unit1>
        <Filename Value="modules/forms/main.pas"/>
        <IsPartOfProject Value="True"/>
        <ComponentName Value="MainForm"/>
        <ResourceBaseClass Value="Form"/>
        <UnitName Value="Main"/>
        <IsVisibleTab Value="True"/>
        <EditorIndex Value="0"/>
        <WindowIndex Value="0"/>
        <TopLine Value="738"/>
        <CursorPos X="8" Y="790"/>
        <UsageCount Value="129"/>
        <Loaded Value="True"/>
        <LoadedDesigner Value="True"/>
      </Unit1>
      <Unit2>
        <Filename Value="modules/forms/aboutfrm.pas"/>
        <IsPartOfProject Value="True"/>
        <ComponentName Value="AboutForm"/>
        <ResourceBaseClass Value="Form"/>
        <UnitName Value="AboutFrm"/>
        <WindowIndex Value="0"/>
        <TopLine Value="1"/>
        <CursorPos X="85" Y="13"/>
        <UsageCount Value="129"/>
      </Unit2>
      <Unit3>
        <Filename Value="modules/audorra/siglyzefilter.pas"/>
        <IsPartOfProject Value="True"/>
        <UnitName Value="SiglyzeFilter"/>
        <EditorIndex Value="7"/>
        <WindowIndex Value="0"/>
        <TopLine Value="310"/>
        <CursorPos X="74" Y="329"/>
        <UsageCount Value="129"/>
        <Loaded Value="True"/>
      </Unit3>
      <Unit4>
        <Filename Value="../../packages/audorra/src/AuFiltergraph.pas"/>
        <UnitName Value="AuFiltergraph"/>
        <WindowIndex Value="0"/>
        <TopLine Value="163"/>
        <CursorPos X="38" Y="189"/>
        <UsageCount Value="56"/>
      </Unit4>
      <Unit5>
        <Filename Value="../../packages/audorra/src/AuTypes.pas"/>
        <UnitName Value="AuTypes"/>
        <WindowIndex Value="0"/>
        <TopLine Value="124"/>
        <CursorPos X="3" Y="150"/>
        <UsageCount Value="55"/>
      </Unit5>
      <Unit6>
        <Filename Value="../../packages/andorracommons/AcTypes.pas"/>
        <UnitName Value="AcTypes"/>
        <WindowIndex Value="0"/>
        <TopLine Value="98"/>
        <CursorPos X="3" Y="124"/>
        <UsageCount Value="9"/>
      </Unit6>
      <Unit7>
        <Filename Value="../../packages/gametoolset/struct/gtringbuffer.pas"/>
        <UnitName Value="GTRingBuffer"/>
        <WindowIndex Value="0"/>
        <TopLine Value="273"/>
        <CursorPos X="86" Y="264"/>
        <UsageCount Value="62"/>
      </Unit7>
      <Unit8>
        <Filename Value="/usr/share/fpcsrc/rtl/inc/threadh.inc"/>
        <WindowIndex Value="0"/>
        <TopLine Value="115"/>
        <CursorPos X="11" Y="154"/>
        <UsageCount Value="3"/>
      </Unit8>
      <Unit9>
        <Filename Value="/usr/share/fpcsrc/packages/fcl-base/src/syncobjs.pp"/>
        <UnitName Value="syncobjs"/>
        <WindowIndex Value="0"/>
        <TopLine Value="127"/>
        <CursorPos X="28" Y="143"/>
        <UsageCount Value="58"/>
      </Unit9>
      <Unit10>
        <Filename Value="../../packages/gametoolset/struct/gtintmap.pas"/>
        <UnitName Value="GTIntMap"/>
        <WindowIndex Value="0"/>
        <TopLine Value="1"/>
        <CursorPos X="1" Y="1"/>
        <UsageCount Value="55"/>
      </Unit10>
      <Unit11>
        <Filename Value="/usr/share/fpcsrc/rtl/inc/systemh.inc"/>
        <WindowIndex Value="0"/>
        <TopLine Value="495"/>
        <CursorPos X="74" Y="533"/>
        <UsageCount Value="28"/>
      </Unit11>
      <Unit12>
        <Filename Value="../../packages/audorra/src/AuDriverClasses.pas"/>
        <UnitName Value="AuDriverClasses"/>
        <WindowIndex Value="0"/>
        <TopLine Value="19"/>
        <CursorPos X="3" Y="71"/>
        <UsageCount Value="55"/>
      </Unit12>
      <Unit13>
        <Filename Value="../../packages/audorra/src/AuUtils.pas"/>
        <UnitName Value="AuUtils"/>
        <WindowIndex Value="0"/>
        <TopLine Value="51"/>
        <CursorPos X="11" Y="103"/>
        <UsageCount Value="55"/>
      </Unit13>
      <Unit14>
        <Filename Value="../../packages/audorra/src/drivers/AuLibao.pas"/>
        <UnitName Value="AuLibao"/>
        <WindowIndex Value="0"/>
        <TopLine Value="243"/>
        <CursorPos X="41" Y="295"/>
        <UsageCount Value="55"/>
      </Unit14>
      <Unit15>
        <Filename Value="../../../lcl/siganalyze/main.pas"/>
        <UnitName Value="Main"/>
        <EditorIndex Value="1"/>
        <WindowIndex Value="0"/>
        <TopLine Value="255"/>
        <CursorPos X="27" Y="299"/>
        <UsageCount Value="25"/>
        <Loaded Value="True"/>
      </Unit15>
      <Unit16>
        <Filename Value="../../packages/audorra/src/AuAudio.pas"/>
        <UnitName Value="AuAudio"/>
        <WindowIndex Value="0"/>
        <TopLine Value="1216"/>
        <CursorPos X="30" Y="1249"/>
        <UsageCount Value="55"/>
      </Unit16>
      <Unit17>
        <Filename Value="../../packages/siglyze/sources/sources.pas"/>
        <UnitName Value="Sources"/>
        <WindowIndex Value="0"/>
        <TopLine Value="223"/>
        <CursorPos X="3" Y="231"/>
        <UsageCount Value="55"/>
      </Unit17>
      <Unit18>
        <Filename Value="../../packages/audorra/src/drivers/AuALSA.pas"/>
        <UnitName Value="AuALSA"/>
        <WindowIndex Value="0"/>
        <TopLine Value="1"/>
        <CursorPos X="1" Y="1"/>
        <UsageCount Value="55"/>
      </Unit18>
      <Unit19>
        <Filename Value="../../packages/siglyze/processors/outputprocessor.pas"/>
        <UnitName Value="OutputProcessor"/>
        <WindowIndex Value="0"/>
        <TopLine Value="1"/>
        <CursorPos X="62" Y="41"/>
        <UsageCount Value="55"/>
      </Unit19>
      <Unit20>
        <Filename Value="../../packages/siglyze/overmind/processingovermind.pas"/>
        <UnitName Value="ProcessingOvermind"/>
        <WindowIndex Value="0"/>
        <TopLine Value="1"/>
        <CursorPos X="33" Y="18"/>
        <UsageCount Value="58"/>
      </Unit20>
      <Unit21>
        <Filename Value="../../packages/gametoolset/core/gtnodes.pas"/>
        <UnitName Value="GTNodes"/>
        <WindowIndex Value="0"/>
        <TopLine Value="192"/>
        <CursorPos X="7" Y="230"/>
        <UsageCount Value="22"/>
      </Unit21>
      <Unit22>
        <Filename Value="../../packages/siglyze/processors/inputprocessor.pas"/>
        <UnitName Value="InputProcessor"/>
        <EditorIndex Value="5"/>
        <WindowIndex Value="0"/>
        <TopLine Value="78"/>
        <CursorPos X="42" Y="116"/>
        <UsageCount Value="59"/>
        <Loaded Value="True"/>
      </Unit22>
      <Unit23>
        <Filename Value="/usr/share/fpcsrc/rtl/objpas/classes/classesh.inc"/>
        <WindowIndex Value="0"/>
        <TopLine Value="754"/>
        <CursorPos X="14" Y="780"/>
        <UsageCount Value="11"/>
      </Unit23>
      <Unit24>
        <Filename Value="/usr/share/fpcsrc/rtl/unix/tthread.inc"/>
        <WindowIndex Value="0"/>
        <TopLine Value="264"/>
        <CursorPos X="83" Y="295"/>
        <UsageCount Value="6"/>
      </Unit24>
      <Unit25>
        <Filename Value="../../packages/gametoolset/node/gtnodecontroller.pas"/>
        <UnitName Value="GTNodeController"/>
        <WindowIndex Value="0"/>
        <TopLine Value="1"/>
        <CursorPos X="1" Y="1"/>
        <UsageCount Value="4"/>
      </Unit25>
      <Unit26>
        <Filename Value="../../packages/gametoolset/node/gtmainthreadnode.pas"/>
        <UnitName Value="GTMainThreadNode"/>
        <WindowIndex Value="0"/>
        <TopLine Value="2"/>
        <CursorPos X="66" Y="24"/>
        <UsageCount Value="36"/>
      </Unit26>
      <Unit27>
        <Filename Value="../../packages/gametoolset/node/gtnodes.pas"/>
        <UnitName Value="GTNodes"/>
        <EditorIndex Value="4"/>
        <WindowIndex Value="0"/>
        <TopLine Value="85"/>
        <CursorPos X="37" Y="109"/>
        <UsageCount Value="41"/>
        <Loaded Value="True"/>
      </Unit27>
      <Unit28>
        <Filename Value="../../packages/siglyze/processors/syncprocessor.pas"/>
        <UnitName Value="SyncProcessor"/>
        <WindowIndex Value="0"/>
        <TopLine Value="1"/>
        <CursorPos X="30" Y="25"/>
        <UsageCount Value="35"/>
      </Unit28>
      <Unit29>
        <Filename Value="../../packages/audorra/src/decoders/AuVorbis.pas"/>
        <UnitName Value="AuVorbis"/>
        <WindowIndex Value="0"/>
        <TopLine Value="29"/>
        <CursorPos X="9" Y="44"/>
        <UsageCount Value="4"/>
      </Unit29>
      <Unit30>
        <Filename Value="../../packages/audorra/lib/vorbis.pas"/>
        <UnitName Value="vorbis"/>
        <WindowIndex Value="0"/>
        <TopLine Value="1"/>
        <CursorPos X="1" Y="31"/>
        <UsageCount Value="4"/>
      </Unit30>
      <Unit31>
        <Filename Value="../../packages/audorra/lib/ogg.pas"/>
        <UnitName Value="ogg"/>
        <WindowIndex Value="0"/>
        <TopLine Value="1"/>
        <CursorPos X="59" Y="32"/>
        <UsageCount Value="4"/>
      </Unit31>
      <Unit32>
        <Filename Value="../../packages/siglyze/datatypes/datatypesamples.pas"/>
        <UnitName Value="DataTypeSamples"/>
        <WindowIndex Value="0"/>
        <TopLine Value="1"/>
        <CursorPos X="30" Y="29"/>
        <UsageCount Value="37"/>
      </Unit32>
      <Unit33>
        <Filename Value="../../packages/andorracommons/AcDataStore.pas"/>
        <UnitName Value="AcDataStore"/>
        <WindowIndex Value="0"/>
        <TopLine Value="1349"/>
        <CursorPos X="56" Y="1377"/>
        <UsageCount Value="33"/>
      </Unit33>
      <Unit34>
        <Filename Value="../../packages/andorracommons/AcPersistent.pas"/>
        <UnitName Value="AcPersistent"/>
        <WindowIndex Value="0"/>
        <TopLine Value="372"/>
        <CursorPos X="1" Y="390"/>
        <UsageCount Value="33"/>
      </Unit34>
      <Unit35>
        <Filename Value="../../packages/gametoolset/core/gtbase.pas"/>
        <UnitName Value="GTBase"/>
        <WindowIndex Value="0"/>
        <TopLine Value="725"/>
        <CursorPos X="36" Y="752"/>
        <UsageCount Value="33"/>
      </Unit35>
      <Unit36>
        <Filename Value="../../packages/siglyze/processors/mixprocessor.pas"/>
        <UnitName Value="MixProcessor"/>
        <WindowIndex Value="0"/>
        <TopLine Value="107"/>
        <CursorPos X="107" Y="117"/>
        <UsageCount Value="35"/>
      </Unit36>
      <Unit37>
        <Filename Value="../../packages/gametoolset/file/gtstreamutils.pas"/>
        <UnitName Value="GTStreamUtils"/>
        <WindowIndex Value="0"/>
        <TopLine Value="1"/>
        <CursorPos X="80" Y="37"/>
        <UsageCount Value="9"/>
      </Unit37>
      <Unit38>
        <Filename Value="/usr/share/fpcsrc/rtl/unix/classes.pp"/>
        <UnitName Value="Classes"/>
        <WindowIndex Value="0"/>
        <TopLine Value="3"/>
        <CursorPos X="1" Y="1"/>
        <UsageCount Value="9"/>
      </Unit38>
      <Unit39>
        <Filename Value="/usr/share/fpcsrc/rtl/inc/objpash.inc"/>
        <WindowIndex Value="0"/>
        <TopLine Value="196"/>
        <CursorPos X="8" Y="180"/>
        <UsageCount Value="11"/>
      </Unit39>
      <Unit40>
        <Filename Value="../../packages/gametoolset/node/datatypes/gtnodedatatypeblockmemory.pas"/>
        <UnitName Value="GTNodeDataTypeBlockMemory"/>
        <WindowIndex Value="0"/>
        <TopLine Value="48"/>
        <CursorPos X="59" Y="27"/>
        <UsageCount Value="9"/>
      </Unit40>
      <Unit41>
        <Filename Value="../../packages/siglyze/datatypes/datatypefft.pas"/>
        <UnitName Value="DataTypeFFT"/>
        <WindowIndex Value="0"/>
        <TopLine Value="1"/>
        <CursorPos X="29" Y="18"/>
        <UsageCount Value="12"/>
      </Unit41>
      <Unit42>
        <Filename Value="../../packages/siglyze/datatypes/datatypestatus.pas"/>
        <UnitName Value="DataTypeStatus"/>
        <WindowIndex Value="0"/>
        <TopLine Value="1"/>
        <CursorPos X="44" Y="38"/>
        <UsageCount Value="12"/>
      </Unit42>
      <Unit43>
        <Filename Value="../../packages/siglyze/processors/fftprocessor.pas"/>
        <UnitName Value="FFTProcessor"/>
        <EditorIndex Value="3"/>
        <WindowIndex Value="0"/>
        <TopLine Value="85"/>
        <CursorPos X="55" Y="107"/>
        <UsageCount Value="13"/>
        <Loaded Value="True"/>
      </Unit43>
      <Unit44>
        <Filename Value="/usr/lib64/lazarus/lcl/nonwin32/messages.pp"/>
        <UnitName Value="Messages"/>
        <WindowIndex Value="0"/>
        <TopLine Value="56"/>
        <CursorPos X="18" Y="74"/>
        <UsageCount Value="9"/>
      </Unit44>
      <Unit45>
        <Filename Value="/usr/lib64/lazarus/lcl/lmessages.pp"/>
        <UnitName Value="LMessages"/>
        <WindowIndex Value="0"/>
        <TopLine Value="766"/>
        <CursorPos X="48" Y="805"/>
        <UsageCount Value="9"/>
      </Unit45>
      <Unit46>
        <Filename Value="../../packages/gametoolset/struct/gtmessages.pas"/>
        <UnitName Value="GTMessages"/>
        <WindowIndex Value="0"/>
        <TopLine Value="1"/>
        <CursorPos X="41" Y="3"/>
        <UsageCount Value="12"/>
      </Unit46>
      <Unit47>
        <Filename Value="../../packages/siglyze/overmind/processingsubchannels.pas"/>
        <UnitName Value="ProcessingSubchannels"/>
        <WindowIndex Value="0"/>
        <TopLine Value="1"/>
        <CursorPos X="82" Y="15"/>
        <UsageCount Value="12"/>
      </Unit47>
      <Unit48>
        <Filename Value="../../packages/siglyze/processors/potsyncprocessor.pas"/>
        <UnitName Value="POTSyncProcessor"/>
        <EditorIndex Value="6"/>
        <WindowIndex Value="0"/>
        <TopLine Value="180"/>
        <CursorPos X="12" Y="187"/>
        <UsageCount Value="13"/>
        <Loaded Value="True"/>
      </Unit48>
      <Unit49>
        <Filename Value="../../packages/gametoolset/struct/gtdebug.pas"/>
        <UnitName Value="GTDebug"/>
        <WindowIndex Value="0"/>
        <TopLine Value="8"/>
        <CursorPos X="1" Y="1"/>
        <UsageCount Value="10"/>
      </Unit49>
      <Unit50>
        <Filename Value="modules/gl/oop/glbase.pas"/>
        <IsPartOfProject Value="True"/>
        <UnitName Value="GLBase"/>
        <WindowIndex Value="0"/>
        <TopLine Value="1"/>
        <CursorPos X="53" Y="30"/>
        <UsageCount Value="22"/>
      </Unit50>
      <Unit51>
        <Filename Value="modules/gl/oop/glframebuffer.pas"/>
        <IsPartOfProject Value="True"/>
        <UnitName Value="glframebuffer"/>
        <UsageCount Value="22"/>
      </Unit51>
      <Unit52>
        <Filename Value="modules/gl/oop/glshader.pas"/>
        <IsPartOfProject Value="True"/>
        <UnitName Value="GLShader"/>
        <WindowIndex Value="0"/>
        <TopLine Value="64"/>
        <CursorPos X="66" Y="83"/>
        <UsageCount Value="22"/>
      </Unit52>
      <Unit53>
        <Filename Value="modules/gl/glviewportobj.pas"/>
        <IsPartOfProject Value="True"/>
        <UnitName Value="glviewportobj"/>
        <UsageCount Value="22"/>
      </Unit53>
      <Unit54>
        <Filename Value="modules/io/ioconfig.pas"/>
        <IsPartOfProject Value="True"/>
        <UnitName Value="ioConfig"/>
        <WindowIndex Value="0"/>
        <TopLine Value="1"/>
        <CursorPos X="75" Y="8"/>
        <UsageCount Value="22"/>
      </Unit54>
      <Unit55>
        <Filename Value="../../../lcl/siganalyze/modules/libpeak/libpeak.pas"/>
        <UnitName Value="libPeak"/>
        <EditorIndex Value="2"/>
        <WindowIndex Value="0"/>
        <TopLine Value="127"/>
        <CursorPos X="61" Y="29"/>
        <UsageCount Value="10"/>
        <Loaded Value="True"/>
      </Unit55>
      <Unit56>
        <Filename Value="../../packages/gametoolset/core/gturi.pas"/>
        <UnitName Value="GTURI"/>
        <WindowIndex Value="0"/>
        <TopLine Value="219"/>
        <CursorPos X="70" Y="223"/>
        <UsageCount Value="10"/>
      </Unit56>
      <Unit57>
        <Filename Value="../../packages/gametoolset/file/gtvfsconfig.pas"/>
        <UnitName Value="GTVFSConfig"/>
        <WindowIndex Value="0"/>
        <TopLine Value="1"/>
        <CursorPos X="31" Y="31"/>
        <UsageCount Value="10"/>
      </Unit57>
      <Unit58>
        <Filename Value="../../packages/gametoolset/file/vfs/gtvfsxdg.pas"/>
        <UnitName Value="GTVFSXDG"/>
        <WindowIndex Value="0"/>
        <TopLine Value="22"/>
        <CursorPos X="1" Y="1"/>
        <UsageCount Value="10"/>
      </Unit58>
    </Units>
    <JumpHistory Count="30" HistoryIndex="29">
      <Position1>
        <Filename Value="modules/forms/main.pas"/>
        <Caret Line="263" Column="40" TopLine="249"/>
      </Position1>
      <Position2>
        <Filename Value="modules/forms/main.pas"/>
        <Caret Line="315" Column="66" TopLine="277"/>
      </Position2>
      <Position3>
        <Filename Value="modules/forms/main.pas"/>
        <Caret Line="82" Column="27" TopLine="50"/>
      </Position3>
      <Position4>
        <Filename Value="modules/forms/main.pas"/>
        <Caret Line="248" Column="75" TopLine="225"/>
      </Position4>
      <Position5>
        <Filename Value="modules/forms/main.pas"/>
        <Caret Line="13" Column="66" TopLine="1"/>
      </Position5>
      <Position6>
        <Filename Value="modules/forms/main.pas"/>
        <Caret Line="75" Column="43" TopLine="43"/>
      </Position6>
      <Position7>
        <Filename Value="modules/forms/main.pas"/>
        <Caret Line="323" Column="95" TopLine="282"/>
      </Position7>
      <Position8>
        <Filename Value="modules/forms/main.pas"/>
        <Caret Line="218" Column="51" TopLine="203"/>
      </Position8>
      <Position9>
        <Filename Value="modules/forms/main.pas"/>
        <Caret Line="274" Column="63" TopLine="261"/>
      </Position9>
      <Position10>
        <Filename Value="modules/forms/main.pas"/>
        <Caret Line="297" Column="58" TopLine="265"/>
      </Position10>
      <Position11>
        <Filename Value="modules/forms/main.pas"/>
        <Caret Line="263" Column="36" TopLine="243"/>
      </Position11>
      <Position12>
        <Filename Value="modules/forms/main.pas"/>
        <Caret Line="262" Column="32" TopLine="238"/>
      </Position12>
      <Position13>
        <Filename Value="../../../lcl/siganalyze/main.pas"/>
        <Caret Line="1014" Column="21" TopLine="996"/>
      </Position13>
      <Position14>
        <Filename Value="modules/forms/main.pas"/>
        <Caret Line="85" Column="35" TopLine="40"/>
      </Position14>
      <Position15>
        <Filename Value="modules/forms/main.pas"/>
        <Caret Line="393" Column="24" TopLine="341"/>
      </Position15>
      <Position16>
        <Filename Value="modules/forms/main.pas"/>
        <Caret Line="278" Column="17" TopLine="253"/>
      </Position16>
      <Position17>
        <Filename Value="modules/forms/main.pas"/>
        <Caret Line="86" Column="32" TopLine="54"/>
      </Position17>
      <Position18>
        <Filename Value="modules/forms/main.pas"/>
        <Caret Line="407" Column="43" TopLine="355"/>
      </Position18>
      <Position19>
        <Filename Value="modules/forms/main.pas"/>
        <Caret Line="75" Column="37" TopLine="32"/>
      </Position19>
      <Position20>
        <Filename Value="modules/forms/main.pas"/>
        <Caret Line="395" Column="75" TopLine="368"/>
      </Position20>
      <Position21>
        <Filename Value="modules/forms/main.pas"/>
        <Caret Line="402" Column="75" TopLine="375"/>
      </Position21>
      <Position22>
        <Filename Value="modules/forms/main.pas"/>
        <Caret Line="97" Column="22" TopLine="63"/>
      </Position22>
      <Position23>
        <Filename Value="modules/forms/main.pas"/>
        <Caret Line="101" Column="33" TopLine="70"/>
      </Position23>
      <Position24>
        <Filename Value="modules/forms/main.pas"/>
        <Caret Line="476" Column="13" TopLine="424"/>
      </Position24>
      <Position25>
        <Filename Value="modules/forms/main.pas"/>
        <Caret Line="90" Column="49" TopLine="71"/>
      </Position25>
      <Position26>
        <Filename Value="modules/forms/main.pas"/>
        <Caret Line="279" Column="27" TopLine="249"/>
      </Position26>
      <Position27>
        <Filename Value="modules/forms/main.pas"/>
        <Caret Line="492" Column="8" TopLine="472"/>
      </Position27>
      <Position28>
        <Filename Value="modules/forms/main.pas"/>
        <Caret Line="209" Column="67" TopLine="194"/>
      </Position28>
      <Position29>
        <Filename Value="modules/forms/main.pas"/>
        <Caret Line="642" Column="15" TopLine="618"/>
      </Position29>
      <Position30>
        <Filename Value="modules/forms/main.pas"/>
        <Caret Line="738" Column="8" TopLine="688"/>
      </Position30>
    </JumpHistory>
  </ProjectOptions>
  <CompilerOptions>
    <Version Value="10"/>
    <SearchPaths>
      <IncludeFiles Value="$(ProjOutDir)"/>
      <OtherUnitFiles Value="modules/forms;modules/siglyze/processors;modules/audorra;modules/gl/oop;modules/gl;modules/io"/>
      <UnitOutputDirectory Value="lib/$(TargetCPU)-$(TargetOS)"/>
    </SearchPaths>
    <CodeGeneration>
      <Checks>
        <IOChecks Value="True"/>
        <RangeChecks Value="True"/>
        <OverflowChecks Value="True"/>
        <StackChecks Value="True"/>
      </Checks>
      <TargetCPU Value="x86_64"/>
      <TargetOS Value="linux"/>
    </CodeGeneration>
    <Linking>
      <Options>
        <Win32>
          <GraphicApplication Value="True"/>
        </Win32>
      </Options>
    </Linking>
    <Other>
      <CompilerMessages>
        <UseMsgFile Value="True"/>
      </CompilerMessages>
      <CompilerPath Value="$(CompPath)"/>
    </Other>
  </CompilerOptions>
  <Debugging>
    <Exceptions Count="3">
      <Item1>
        <Name Value="EAbort"/>
      </Item1>
      <Item2>
        <Name Value="ECodetoolError"/>
      </Item2>
      <Item3>
        <Name Value="EFOpenError"/>
      </Item3>
    </Exceptions>
  </Debugging>
</CONFIG>
