<?xml version="1.0"?>
<CONFIG>
  <ProjectOptions>
    <Version Value="9"/>
    <General>
      <MainUnit Value="0"/>
      <ResourceType Value="res"/>
      <UseXPManifest Value="True"/>
      <Icon Value="0"/>
      <ActiveWindowIndexAtStart Value="0"/>
    </General>
    <i18n>
      <EnableI18N LFM="False"/>
    </i18n>
    <VersionInfo>
      <StringTable ProductVersion=""/>
    </VersionInfo>
    <BuildModes Count="1" Active="Default">
      <Item1 Name="Default" Default="True"/>
    </BuildModes>
    <PublishOptions>
      <Version Value="2"/>
      <IncludeFileFilter Value="*.(pas|pp|inc|lfm|lpr|lrs|lpi|lpk|sh|xml)"/>
      <ExcludeFileFilter Value="*.(bak|ppu|o|so);*~;backup"/>
    </PublishOptions>
    <RunParams>
      <local>
        <FormatVersion Value="1"/>
        <LaunchingApplication PathPlusParams="/usr/bin/xterm -T 'Lazarus Run Output' -e $(LazarusDir)/tools/runwait.sh $(TargetCmdLine)"/>
      </local>
    </RunParams>
    <RequiredPackages Count="7">
      <Item1>
        <PackageName Value="gametoolsetpkg"/>
        <MinVersion Minor="8" Valid="True"/>
      </Item1>
      <Item2>
        <PackageName Value="audorra"/>
      </Item2>
      <Item3>
        <PackageName Value="siglyze"/>
      </Item3>
      <Item4>
        <PackageName Value="LazOpenGLContext"/>
        <MinVersion Release="1" Valid="True"/>
      </Item4>
      <Item5>
        <PackageName Value="LazControls"/>
        <MinVersion Valid="True"/>
      </Item5>
      <Item6>
        <PackageName Value="LCLBase"/>
        <MinVersion Major="1" Release="1" Valid="True"/>
      </Item6>
      <Item7>
        <PackageName Value="LCL"/>
      </Item7>
    </RequiredPackages>
    <Units Count="35">
      <Unit0>
        <Filename Value="sigvize.lpr"/>
        <IsPartOfProject Value="True"/>
        <UnitName Value="sigvize"/>
        <UsageCount Value="68"/>
      </Unit0>
      <Unit1>
        <Filename Value="modules/forms/main.pas"/>
        <IsPartOfProject Value="True"/>
        <ComponentName Value="MainForm"/>
        <ResourceBaseClass Value="Form"/>
        <UnitName Value="Main"/>
        <IsVisibleTab Value="True"/>
        <EditorIndex Value="0"/>
        <WindowIndex Value="0"/>
        <TopLine Value="114"/>
        <CursorPos X="51" Y="145"/>
        <UsageCount Value="68"/>
        <Loaded Value="True"/>
      </Unit1>
      <Unit2>
        <Filename Value="modules/forms/aboutfrm.pas"/>
        <IsPartOfProject Value="True"/>
        <ComponentName Value="AboutForm"/>
        <ResourceBaseClass Value="Form"/>
        <UnitName Value="AboutFrm"/>
        <EditorIndex Value="18"/>
        <WindowIndex Value="0"/>
        <TopLine Value="1"/>
        <CursorPos X="85" Y="13"/>
        <UsageCount Value="68"/>
        <Loaded Value="True"/>
        <LoadedDesigner Value="True"/>
      </Unit2>
      <Unit3>
        <Filename Value="modules/audorra/siglyzefilter.pas"/>
        <IsPartOfProject Value="True"/>
        <UnitName Value="SiglyzeFilter"/>
        <EditorIndex Value="3"/>
        <WindowIndex Value="0"/>
        <TopLine Value="113"/>
        <CursorPos X="49" Y="71"/>
        <UsageCount Value="68"/>
        <Loaded Value="True"/>
      </Unit3>
      <Unit4>
        <Filename Value="../../packages/audorra/src/AuFiltergraph.pas"/>
        <UnitName Value="AuFiltergraph"/>
        <WindowIndex Value="0"/>
        <TopLine Value="600"/>
        <CursorPos X="3" Y="602"/>
        <UsageCount Value="34"/>
      </Unit4>
      <Unit5>
        <Filename Value="../../packages/audorra/src/AuTypes.pas"/>
        <UnitName Value="AuTypes"/>
        <EditorIndex Value="17"/>
        <WindowIndex Value="0"/>
        <TopLine Value="124"/>
        <CursorPos X="3" Y="150"/>
        <UsageCount Value="31"/>
        <Loaded Value="True"/>
      </Unit5>
      <Unit6>
        <Filename Value="../../packages/andorracommons/AcTypes.pas"/>
        <UnitName Value="AcTypes"/>
        <WindowIndex Value="0"/>
        <TopLine Value="98"/>
        <CursorPos X="3" Y="124"/>
        <UsageCount Value="5"/>
      </Unit6>
      <Unit7>
        <Filename Value="../../packages/gametoolset/struct/gtringbuffer.pas"/>
        <UnitName Value="GTRingBuffer"/>
        <WindowIndex Value="0"/>
        <TopLine Value="193"/>
        <CursorPos X="32" Y="238"/>
        <UsageCount Value="34"/>
      </Unit7>
      <Unit8>
        <Filename Value="/usr/share/fpcsrc/rtl/inc/threadh.inc"/>
        <WindowIndex Value="0"/>
        <TopLine Value="115"/>
        <CursorPos X="11" Y="154"/>
        <UsageCount Value="9"/>
      </Unit8>
      <Unit9>
        <Filename Value="/usr/share/fpcsrc/packages/fcl-base/src/syncobjs.pp"/>
        <UnitName Value="syncobjs"/>
        <EditorIndex Value="13"/>
        <WindowIndex Value="0"/>
        <TopLine Value="128"/>
        <CursorPos X="28" Y="143"/>
        <UsageCount Value="34"/>
        <Loaded Value="True"/>
      </Unit9>
      <Unit10>
        <Filename Value="../../packages/gametoolset/struct/gtintmap.pas"/>
        <UnitName Value="GTIntMap"/>
        <EditorIndex Value="12"/>
        <WindowIndex Value="0"/>
        <TopLine Value="1"/>
        <CursorPos X="1" Y="1"/>
        <UsageCount Value="31"/>
        <Loaded Value="True"/>
      </Unit10>
      <Unit11>
        <Filename Value="/usr/share/fpcsrc/rtl/inc/thread.inc"/>
        <WindowIndex Value="0"/>
        <TopLine Value="397"/>
        <CursorPos X="11" Y="397"/>
        <UsageCount Value="6"/>
      </Unit11>
      <Unit12>
        <Filename Value="/usr/share/fpcsrc/rtl/inc/heap.inc"/>
        <WindowIndex Value="0"/>
        <TopLine Value="131"/>
        <CursorPos X="30" Y="257"/>
        <UsageCount Value="6"/>
      </Unit12>
      <Unit13>
        <Filename Value="/usr/share/fpcsrc/rtl/inc/systemh.inc"/>
        <WindowIndex Value="0"/>
        <TopLine Value="541"/>
        <CursorPos X="81" Y="563"/>
        <UsageCount Value="6"/>
      </Unit13>
      <Unit14>
        <Filename Value="../../packages/audorra/src/AuDriverClasses.pas"/>
        <UnitName Value="AuDriverClasses"/>
        <EditorIndex Value="15"/>
        <WindowIndex Value="0"/>
        <TopLine Value="17"/>
        <CursorPos X="3" Y="71"/>
        <UsageCount Value="31"/>
        <Loaded Value="True"/>
      </Unit14>
      <Unit15>
        <Filename Value="../../packages/audorra/src/AuUtils.pas"/>
        <UnitName Value="AuUtils"/>
        <EditorIndex Value="14"/>
        <WindowIndex Value="0"/>
        <TopLine Value="43"/>
        <CursorPos X="11" Y="103"/>
        <UsageCount Value="31"/>
        <Loaded Value="True"/>
      </Unit15>
      <Unit16>
        <Filename Value="../../packages/audorra/src/drivers/AuLibao.pas"/>
        <UnitName Value="AuLibao"/>
        <EditorIndex Value="16"/>
        <WindowIndex Value="0"/>
        <TopLine Value="57"/>
        <CursorPos X="41" Y="295"/>
        <UsageCount Value="31"/>
        <Loaded Value="True"/>
      </Unit16>
      <Unit17>
        <Filename Value="../../../lcl/siganalyze/main.pas"/>
        <UnitName Value="Main"/>
        <WindowIndex Value="0"/>
        <TopLine Value="1"/>
        <CursorPos X="6" Y="12"/>
        <UsageCount Value="30"/>
      </Unit17>
      <Unit18>
        <Filename Value="../../packages/audorra/src/AuAudio.pas"/>
        <UnitName Value="AuAudio"/>
        <EditorIndex Value="2"/>
        <WindowIndex Value="0"/>
        <TopLine Value="291"/>
        <CursorPos X="33" Y="317"/>
        <UsageCount Value="31"/>
        <Loaded Value="True"/>
      </Unit18>
      <Unit19>
        <Filename Value="../../packages/siglyze/sources/sources.pas"/>
        <UnitName Value="Sources"/>
        <EditorIndex Value="10"/>
        <WindowIndex Value="0"/>
        <TopLine Value="1"/>
        <CursorPos X="95" Y="46"/>
        <UsageCount Value="31"/>
        <Loaded Value="True"/>
      </Unit19>
      <Unit20>
        <Filename Value="../../packages/audorra/src/drivers/AuALSA.pas"/>
        <UnitName Value="AuALSA"/>
        <EditorIndex Value="11"/>
        <WindowIndex Value="0"/>
        <TopLine Value="135"/>
        <CursorPos X="36" Y="108"/>
        <UsageCount Value="31"/>
        <Loaded Value="True"/>
      </Unit20>
      <Unit21>
        <Filename Value="../../packages/siglyze/processors/outputprocessor.pas"/>
        <UnitName Value="OutputProcessor"/>
        <EditorIndex Value="7"/>
        <WindowIndex Value="0"/>
        <TopLine Value="88"/>
        <CursorPos X="65" Y="107"/>
        <UsageCount Value="31"/>
        <Loaded Value="True"/>
      </Unit21>
      <Unit22>
        <Filename Value="../../packages/siglyze/overmind/processingovermind.pas"/>
        <UnitName Value="ProcessingOvermind"/>
        <EditorIndex Value="6"/>
        <WindowIndex Value="0"/>
        <TopLine Value="1"/>
        <CursorPos X="1" Y="1"/>
        <UsageCount Value="31"/>
        <Loaded Value="True"/>
      </Unit22>
      <Unit23>
        <Filename Value="../../packages/gametoolset/core/gtnodes.pas"/>
        <UnitName Value="GTNodes"/>
        <WindowIndex Value="0"/>
        <TopLine Value="192"/>
        <CursorPos X="7" Y="230"/>
        <UsageCount Value="28"/>
      </Unit23>
      <Unit24>
        <Filename Value="../../packages/siglyze/processors/inputprocessor.pas"/>
        <UnitName Value="InputProcessor"/>
        <EditorIndex Value="5"/>
        <WindowIndex Value="0"/>
        <TopLine Value="64"/>
        <CursorPos X="50" Y="94"/>
        <UsageCount Value="31"/>
        <Loaded Value="True"/>
      </Unit24>
      <Unit25>
        <Filename Value="/usr/share/fpcsrc/rtl/objpas/classes/classesh.inc"/>
        <WindowIndex Value="0"/>
        <TopLine Value="1485"/>
        <CursorPos X="37" Y="1513"/>
        <UsageCount Value="12"/>
      </Unit25>
      <Unit26>
        <Filename Value="/usr/share/fpcsrc/rtl/unix/tthread.inc"/>
        <WindowIndex Value="0"/>
        <TopLine Value="264"/>
        <CursorPos X="83" Y="295"/>
        <UsageCount Value="12"/>
      </Unit26>
      <Unit27>
        <Filename Value="../../packages/gametoolset/node/gtnodecontroller.pas"/>
        <UnitName Value="GTNodeController"/>
        <WindowIndex Value="0"/>
        <TopLine Value="1"/>
        <CursorPos X="1" Y="1"/>
        <UsageCount Value="10"/>
      </Unit27>
      <Unit28>
        <Filename Value="../../packages/gametoolset/node/gtmainthreadnode.pas"/>
        <UnitName Value="GTMainThreadNode"/>
        <EditorIndex Value="8"/>
        <WindowIndex Value="0"/>
        <TopLine Value="3"/>
        <CursorPos X="66" Y="24"/>
        <UsageCount Value="12"/>
        <Loaded Value="True"/>
      </Unit28>
      <Unit29>
        <Filename Value="../../packages/gametoolset/node/gtnodes.pas"/>
        <UnitName Value="GTNodes"/>
        <EditorIndex Value="9"/>
        <WindowIndex Value="0"/>
        <TopLine Value="916"/>
        <CursorPos X="5" Y="937"/>
        <UsageCount Value="12"/>
        <Loaded Value="True"/>
      </Unit29>
      <Unit30>
        <Filename Value="../../packages/siglyze/processors/syncprocessor.pas"/>
        <UnitName Value="SyncProcessor"/>
        <EditorIndex Value="4"/>
        <WindowIndex Value="0"/>
        <TopLine Value="37"/>
        <CursorPos X="72" Y="34"/>
        <UsageCount Value="11"/>
        <Loaded Value="True"/>
      </Unit30>
      <Unit31>
        <Filename Value="../../packages/audorra/src/decoders/AuVorbis.pas"/>
        <UnitName Value="AuVorbis"/>
        <WindowIndex Value="0"/>
        <TopLine Value="29"/>
        <CursorPos X="9" Y="44"/>
        <UsageCount Value="10"/>
      </Unit31>
      <Unit32>
        <Filename Value="../../packages/audorra/lib/vorbis.pas"/>
        <UnitName Value="vorbis"/>
        <WindowIndex Value="0"/>
        <TopLine Value="1"/>
        <CursorPos X="1" Y="31"/>
        <UsageCount Value="10"/>
      </Unit32>
      <Unit33>
        <Filename Value="../../packages/audorra/lib/ogg.pas"/>
        <UnitName Value="ogg"/>
        <WindowIndex Value="0"/>
        <TopLine Value="1"/>
        <CursorPos X="59" Y="32"/>
        <UsageCount Value="10"/>
      </Unit33>
      <Unit34>
        <Filename Value="../../packages/siglyze/datatypes/datatypesamples.pas"/>
        <UnitName Value="DataTypeSamples"/>
        <EditorIndex Value="1"/>
        <WindowIndex Value="0"/>
        <TopLine Value="1"/>
        <CursorPos X="1" Y="1"/>
        <UsageCount Value="10"/>
        <Loaded Value="True"/>
      </Unit34>
    </Units>
    <JumpHistory Count="27" HistoryIndex="26">
      <Position1>
        <Filename Value="modules/audorra/siglyzefilter.pas"/>
        <Caret Line="176" Column="72" TopLine="142"/>
      </Position1>
      <Position2>
        <Filename Value="modules/audorra/siglyzefilter.pas"/>
        <Caret Line="179" Column="26" TopLine="150"/>
      </Position2>
      <Position3>
        <Filename Value="modules/audorra/siglyzefilter.pas"/>
        <Caret Line="106" Column="41" TopLine="81"/>
      </Position3>
      <Position4>
        <Filename Value="modules/forms/main.pas"/>
        <Caret Line="25" Column="16" TopLine="1"/>
      </Position4>
      <Position5>
        <Filename Value="modules/forms/main.pas"/>
        <Caret Line="29" Column="27" TopLine="1"/>
      </Position5>
      <Position6>
        <Filename Value="modules/forms/main.pas"/>
        <Caret Line="56" Column="20" TopLine="8"/>
      </Position6>
      <Position7>
        <Filename Value="modules/forms/main.pas"/>
        <Caret Line="65" Column="17" TopLine="15"/>
      </Position7>
      <Position8>
        <Filename Value="modules/forms/main.pas"/>
        <Caret Line="58" Column="17" TopLine="15"/>
      </Position8>
      <Position9>
        <Filename Value="modules/forms/main.pas"/>
        <Caret Line="10" Column="76" TopLine="1"/>
      </Position9>
      <Position10>
        <Filename Value="modules/forms/main.pas"/>
        <Caret Line="58" Column="18" TopLine="17"/>
      </Position10>
      <Position11>
        <Filename Value="modules/forms/main.pas"/>
        <Caret Line="30" Column="29" TopLine="5"/>
      </Position11>
      <Position12>
        <Filename Value="modules/forms/main.pas"/>
        <Caret Line="35" Column="27" TopLine="8"/>
      </Position12>
      <Position13>
        <Filename Value="modules/forms/main.pas"/>
        <Caret Line="42" Column="26" TopLine="10"/>
      </Position13>
      <Position14>
        <Filename Value="modules/forms/main.pas"/>
        <Caret Line="32" Column="27" TopLine="1"/>
      </Position14>
      <Position15>
        <Filename Value="modules/forms/main.pas"/>
        <Caret Line="33" Column="25" TopLine="21"/>
      </Position15>
      <Position16>
        <Filename Value="modules/forms/main.pas"/>
        <Caret Line="136" Column="24" TopLine="87"/>
      </Position16>
      <Position17>
        <Filename Value="modules/forms/main.pas"/>
        <Caret Line="33" Column="17" TopLine="7"/>
      </Position17>
      <Position18>
        <Filename Value="modules/forms/main.pas"/>
        <Caret Line="42" Column="34" TopLine="32"/>
      </Position18>
      <Position19>
        <Filename Value="modules/forms/main.pas"/>
        <Caret Line="35" Column="27" TopLine="1"/>
      </Position19>
      <Position20>
        <Filename Value="modules/forms/main.pas"/>
        <Caret Line="88" Column="20" TopLine="44"/>
      </Position20>
      <Position21>
        <Filename Value="modules/forms/main.pas"/>
        <Caret Line="90" Column="35" TopLine="62"/>
      </Position21>
      <Position22>
        <Filename Value="modules/forms/main.pas"/>
        <Caret Line="11" Column="11" TopLine="1"/>
      </Position22>
      <Position23>
        <Filename Value="modules/forms/main.pas"/>
        <Caret Line="90" Column="45" TopLine="59"/>
      </Position23>
      <Position24>
        <Filename Value="modules/forms/main.pas"/>
        <Caret Line="140" Column="57" TopLine="114"/>
      </Position24>
      <Position25>
        <Filename Value="modules/forms/main.pas"/>
        <Caret Line="144" Column="27" TopLine="114"/>
      </Position25>
      <Position26>
        <Filename Value="../../packages/audorra/src/AuAudio.pas"/>
        <Caret Line="1052" Column="28" TopLine="1022"/>
      </Position26>
      <Position27>
        <Filename Value="../../packages/audorra/src/AuAudio.pas"/>
        <Caret Line="317" Column="33" TopLine="291"/>
      </Position27>
    </JumpHistory>
  </ProjectOptions>
  <CompilerOptions>
    <Version Value="10"/>
    <SearchPaths>
      <IncludeFiles Value="$(ProjOutDir)"/>
      <OtherUnitFiles Value="modules/forms;modules/siglyze/processors;modules/audorra"/>
      <UnitOutputDirectory Value="lib/$(TargetCPU)-$(TargetOS)"/>
    </SearchPaths>
    <CodeGeneration>
      <Checks>
        <IOChecks Value="True"/>
        <RangeChecks Value="True"/>
        <OverflowChecks Value="True"/>
        <StackChecks Value="True"/>
      </Checks>
      <TargetCPU Value="x86_64"/>
      <TargetOS Value="linux"/>
    </CodeGeneration>
    <Linking>
      <Options>
        <Win32>
          <GraphicApplication Value="True"/>
        </Win32>
      </Options>
    </Linking>
    <Other>
      <CompilerMessages>
        <UseMsgFile Value="True"/>
      </CompilerMessages>
      <CompilerPath Value="$(CompPath)"/>
    </Other>
  </CompilerOptions>
  <Debugging>
    <Exceptions Count="3">
      <Item1>
        <Name Value="EAbort"/>
      </Item1>
      <Item2>
        <Name Value="ECodetoolError"/>
      </Item2>
      <Item3>
        <Name Value="EFOpenError"/>
      </Item3>
    </Exceptions>
  </Debugging>
</CONFIG>
